<?xml version="1.0" encoding="utf-8"?>
<Project ToolsVersion="4.0" xmlns="http://schemas.microsoft.com/developer/msbuild/2003">
  <ItemGroup>
    <Filter Include="Source Files">
      <UniqueIdentifier>{4FC737F1-C7A5-4376-A066-2A32D752A2FF}</UniqueIdentifier>
      <Extensions>cpp;c;cc;cxx;c++;cppm;ixx;def;odl;idl;hpj;bat;asm;asmx</Extensions>
    </Filter>
    <Filter Include="Header Files">
      <UniqueIdentifier>{93995380-89BD-4b04-88EB-625FBE52EBFB}</UniqueIdentifier>
      <Extensions>h;hh;hpp;hxx;h++;hm;inl;inc;ipp;xsd</Extensions>
    </Filter>
    <Filter Include="Resource Files">
      <UniqueIdentifier>{67DA6AB6-F800-4c08-8B7A-83BB121AAD01}</UniqueIdentifier>
      <Extensions>rc;ico;cur;bmp;dlg;rc2;rct;bin;rgs;gif;jpg;jpeg;jpe;resx;tiff;tif;png;wav;mfcribbon-ms</Extensions>
    </Filter>
  </ItemGroup>
  <ItemGroup>
    <ClInclude Include="BondProductService.hpp">
      <Filter>Header Files</Filter>
    </ClInclude>
    <ClInclude Include="executionservice.hpp">
      <Filter>Header Files</Filter>
    </ClInclude>
    <ClInclude Include="historicaldataservice.hpp">
      <Filter>Header Files</Filter>
    </ClInclude>
    <ClInclude Include="inquiryservice.hpp">
      <Filter>Header Files</Filter>
    </ClInclude>
    <ClInclude Include="marketdataservice.hpp">
      <Filter>Header Files</Filter>
    </ClInclude>
    <ClInclude Include="positionservice.hpp">
      <Filter>Header Files</Filter>
    </ClInclude>
    <ClInclude Include="pricingservice.hpp">
      <Filter>Header Files</Filter>
    </ClInclude>
    <ClInclude Include="products.hpp">
      <Filter>Header Files</Filter>
    </ClInclude>
    <ClInclude Include="riskservice.hpp">
      <Filter>Header Files</Filter>
    </ClInclude>
    <ClInclude Include="soa.hpp">
      <Filter>Header Files</Filter>
    </ClInclude>
    <ClInclude Include="streamingservice.hpp">
      <Filter>Header Files</Filter>
    </ClInclude>
    <ClInclude Include="tradebookingservice.hpp">
      <Filter>Header Files</Filter>
    </ClInclude>
    <ClInclude Include="BondPricingServiceConnector.hpp">
      <Filter>Header Files</Filter>
    </ClInclude>
    <ClInclude Include="BondPricingService.hpp">
      <Filter>Header Files</Filter>
    </ClInclude>
    <ClInclude Include="BondTradeBookingService.hpp">
      <Filter>Header Files</Filter>
    </ClInclude>
    <ClInclude Include="BondTradingBookingServiceConnector.hpp">
      <Filter>Header Files</Filter>
    </ClInclude>
    <ClInclude Include="BondTradeBookingServiceListener.hpp">
      <Filter>Header Files</Filter>
    </ClInclude>
    <ClInclude Include="BondExecutionService.hpp">
      <Filter>Header Files</Filter>
    </ClInclude>
    <ClInclude Include="BondMarketDataService.hpp">
      <Filter>Header Files</Filter>
    </ClInclude>
    <ClInclude Include="BondMarketDataServiceConnector.hpp">
      <Filter>Header Files</Filter>
    </ClInclude>
    <ClInclude Include="AlgoStream.hpp">
      <Filter>Header Files</Filter>
    </ClInclude>
    <ClInclude Include="AlgoExecution.hpp">
      <Filter>Header Files</Filter>
    </ClInclude>
    <ClInclude Include="BondAlgoExecutionService.hpp">
      <Filter>Header Files</Filter>
    </ClInclude>
    <ClInclude Include="BondAlgoExecutionServiceListener.hpp">
      <Filter>Header Files</Filter>
    </ClInclude>
    <ClInclude Include="BondAlgoStreamingService.hpp">
      <Filter>Header Files</Filter>
    </ClInclude>
    <ClInclude Include="BondAlgoStreamingServiceListener.hpp">
      <Filter>Header Files</Filter>
    </ClInclude>
    <ClInclude Include="BondExecutionServiceConnector.hpp">
      <Filter>Header Files</Filter>
    </ClInclude>
    <ClInclude Include="BondExecutionServiceListener.hpp">
      <Filter>Header Files</Filter>
    </ClInclude>
    <ClInclude Include="BondStreamingServiceConnector.hpp">
      <Filter>Header Files</Filter>
    </ClInclude>
    <ClInclude Include="BondStreamingService.hpp">
      <Filter>Header Files</Filter>
    </ClInclude>
    <ClInclude Include="BondStreamingServiceListener.hpp">
      <Filter>Header Files</Filter>
    </ClInclude>
    <ClInclude Include="BondPositionService.hpp">
      <Filter>Header Files</Filter>
    </ClInclude>
    <ClInclude Include="BondPositionServiceListener.hpp">
      <Filter>Header Files</Filter>
    </ClInclude>
    <ClInclude Include="BondRiskService.hpp">
      <Filter>Header Files</Filter>
    </ClInclude>
    <ClInclude Include="BondInformation.h">
      <Filter>Header Files</Filter>
    </ClInclude>
    <ClInclude Include="BondRiskServiceListener.hpp">
      <Filter>Header Files</Filter>
    </ClInclude>
    <ClInclude Include="BondInquiryService.hpp">
      <Filter>Header Files</Filter>
    </ClInclude>
    <ClInclude Include="BondInquiryServiceConnector.hpp">
      <Filter>Header Files</Filter>
    </ClInclude>
    <ClInclude Include="GUIServiceConnector.hpp">
      <Filter>Header Files</Filter>
    </ClInclude>
    <ClInclude Include="GUIService.hpp">
      <Filter>Header Files</Filter>
    </ClInclude>
    <ClInclude Include="GUIServiceListener.hpp">
      <Filter>Header Files</Filter>
    </ClInclude>
    <ClInclude Include="HistoricalExecutionConnector.hpp">
      <Filter>Header Files</Filter>
    </ClInclude>
    <ClInclude Include="BondHistoricalDataService.hpp">
      <Filter>Header Files</Filter>
    </ClInclude>
    <ClInclude Include="HistoricalExecutionListener.hpp">
      <Filter>Header Files</Filter>
    </ClInclude>
    <ClInclude Include="HistoricalAllInquiriesConnector.hpp">
      <Filter>Header Files</Filter>
    </ClInclude>
    <ClInclude Include="HistoricalAllInquriesListener.hpp">
      <Filter>Header Files</Filter>
    </ClInclude>
    <ClInclude Include="HistoricalPositionConnector.hpp">
      <Filter>Header Files</Filter>
    </ClInclude>
    <ClInclude Include="HistoricalPositionListener.hpp">
      <Filter>Header Files</Filter>
    </ClInclude>
    <ClInclude Include="HistoricalRiskConnector.hpp">
      <Filter>Header Files</Filter>
    </ClInclude>
    <ClInclude Include="HistoricalRiskListener.hpp">
      <Filter>Header Files</Filter>
    </ClInclude>
    <ClInclude Include="HistoricalStreamingConnector.hpp">
      <Filter>Header Files</Filter>
    </ClInclude>
    <ClInclude Include="HistoricalSteamingListener.hpp">
      <Filter>Header Files</Filter>
    </ClInclude>
    <ClInclude Include="InquriesGenerator.hpp">
      <Filter>Header Files</Filter>
    </ClInclude>
    <ClInclude Include="MarketdataGenerator.hpp">
      <Filter>Header Files</Filter>
    </ClInclude>
    <ClInclude Include="PricesGenerator.hpp">
      <Filter>Header Files</Filter>
    </ClInclude>
    <ClInclude Include="TradesGenerator.hpp">
      <Filter>Header Files</Filter>
    </ClInclude>
  </ItemGroup>
  <ItemGroup>
    <ClCompile Include="main.cpp">
      <Filter>Source Files</Filter>
    </ClCompile>
  </ItemGroup>
  <ItemGroup>
    <Text Include="prices.txt">
      <Filter>Resource Files</Filter>
    </Text>
    <Text Include="trades.txt">
      <Filter>Resource Files</Filter>
    </Text>
    <Text Include="inquiries.txt">
      <Filter>Resource Files</Filter>
    </Text>
    <Text Include="gui.txt">
      <Filter>Resource Files</Filter>
    </Text>
    <Text Include="narketdata.txt">
      <Filter>Resource Files</Filter>
    </Text>
    <Text Include="positions.txt">
      <Filter>Resource Files</Filter>
    </Text>
    <Text Include="risk.txt">
      <Filter>Resource Files</Filter>
    </Text>
    <Text Include="executions.txt">
      <Filter>Resource Files</Filter>
    </Text>
  </ItemGroup>
</Project>